// !$*UTF8*$!
{
	archiveVersion = 1;
	classes = {
	};
	objectVersion = 55;
	objects = {

/* Begin PBXBuildFile section */
		A3B5999A0A1E2920AFD54699 /* Pods_Reserve.framework in Frameworks */ = {isa = PBXBuildFile; fileRef = FFFD0CFCEF6F7431CD95C973 /* Pods_Reserve.framework */; };
		A6F9EE3928062D2000452C43 /* LoginViewController.swift in Sources */ = {isa = PBXBuildFile; fileRef = A6F9EE3828062D2000452C43 /* LoginViewController.swift */; };
		FAD45FF62804DBF800CF4148 /* AppDelegate.swift in Sources */ = {isa = PBXBuildFile; fileRef = FAD45FF52804DBF800CF4148 /* AppDelegate.swift */; };
		FAD45FF82804DBF800CF4148 /* SceneDelegate.swift in Sources */ = {isa = PBXBuildFile; fileRef = FAD45FF72804DBF800CF4148 /* SceneDelegate.swift */; };
		FAD45FFA2804DBF800CF4148 /* ViewController.swift in Sources */ = {isa = PBXBuildFile; fileRef = FAD45FF92804DBF800CF4148 /* ViewController.swift */; };
		FAD45FFD2804DBF800CF4148 /* Main.storyboard in Resources */ = {isa = PBXBuildFile; fileRef = FAD45FFB2804DBF800CF4148 /* Main.storyboard */; };
		FAD45FFF2804DBFC00CF4148 /* Assets.xcassets in Resources */ = {isa = PBXBuildFile; fileRef = FAD45FFE2804DBFC00CF4148 /* Assets.xcassets */; };
		FAD460022804DBFC00CF4148 /* LaunchScreen.storyboard in Resources */ = {isa = PBXBuildFile; fileRef = FAD460002804DBFC00CF4148 /* LaunchScreen.storyboard */; };
/* End PBXBuildFile section */

/* Begin PBXFileReference section */
		4C338530B564E141611CD09D /* Pods-Reserve.release.xcconfig */ = {isa = PBXFileReference; includeInIndex = 1; lastKnownFileType = text.xcconfig; name = "Pods-Reserve.release.xcconfig"; path = "Target Support Files/Pods-Reserve/Pods-Reserve.release.xcconfig"; sourceTree = "<group>"; };
		999512F43A8D9519214699A5 /* Pods-Reserve.debug.xcconfig */ = {isa = PBXFileReference; includeInIndex = 1; lastKnownFileType = text.xcconfig; name = "Pods-Reserve.debug.xcconfig"; path = "Target Support Files/Pods-Reserve/Pods-Reserve.debug.xcconfig"; sourceTree = "<group>"; };
		A6F9EE3828062D2000452C43 /* LoginViewController.swift */ = {isa = PBXFileReference; lastKnownFileType = sourcecode.swift; path = LoginViewController.swift; sourceTree = "<group>"; };
		FAD45FF22804DBF800CF4148 /* Reserve.app */ = {isa = PBXFileReference; explicitFileType = wrapper.application; includeInIndex = 0; path = Reserve.app; sourceTree = BUILT_PRODUCTS_DIR; };
		FAD45FF52804DBF800CF4148 /* AppDelegate.swift */ = {isa = PBXFileReference; lastKnownFileType = sourcecode.swift; path = AppDelegate.swift; sourceTree = "<group>"; };
		FAD45FF72804DBF800CF4148 /* SceneDelegate.swift */ = {isa = PBXFileReference; lastKnownFileType = sourcecode.swift; path = SceneDelegate.swift; sourceTree = "<group>"; };
		FAD45FF92804DBF800CF4148 /* ViewController.swift */ = {isa = PBXFileReference; lastKnownFileType = sourcecode.swift; path = ViewController.swift; sourceTree = "<group>"; };
		FAD45FFC2804DBF800CF4148 /* Base */ = {isa = PBXFileReference; lastKnownFileType = file.storyboard; name = Base; path = Base.lproj/Main.storyboard; sourceTree = "<group>"; };
		FAD45FFE2804DBFC00CF4148 /* Assets.xcassets */ = {isa = PBXFileReference; lastKnownFileType = folder.assetcatalog; path = Assets.xcassets; sourceTree = "<group>"; };
		FAD460012804DBFC00CF4148 /* Base */ = {isa = PBXFileReference; lastKnownFileType = file.storyboard; name = Base; path = Base.lproj/LaunchScreen.storyboard; sourceTree = "<group>"; };
		FAD460032804DBFC00CF4148 /* Info.plist */ = {isa = PBXFileReference; lastKnownFileType = text.plist.xml; path = Info.plist; sourceTree = "<group>"; };
		FFFD0CFCEF6F7431CD95C973 /* Pods_Reserve.framework */ = {isa = PBXFileReference; explicitFileType = wrapper.framework; includeInIndex = 0; path = Pods_Reserve.framework; sourceTree = BUILT_PRODUCTS_DIR; };
/* End PBXFileReference section */

/* Begin PBXFrameworksBuildPhase section */
		FAD45FEF2804DBF800CF4148 /* Frameworks */ = {
			isa = PBXFrameworksBuildPhase;
			buildActionMask = 2147483647;
			files = (
				A3B5999A0A1E2920AFD54699 /* Pods_Reserve.framework in Frameworks */,
			);
			runOnlyForDeploymentPostprocessing = 0;
		};
/* End PBXFrameworksBuildPhase section */

/* Begin PBXGroup section */
		1A96D4A1E4FA28151D93A5DC /* Pods */ = {
			isa = PBXGroup;
			children = (
				999512F43A8D9519214699A5 /* Pods-Reserve.debug.xcconfig */,
				4C338530B564E141611CD09D /* Pods-Reserve.release.xcconfig */,
			);
			path = Pods;
			sourceTree = "<group>";
		};
		F5596DB7676947C9E06FF9BE /* Frameworks */ = {
			isa = PBXGroup;
			children = (
				FFFD0CFCEF6F7431CD95C973 /* Pods_Reserve.framework */,
			);
			name = Frameworks;
			sourceTree = "<group>";
		};
		FAD45FE92804DBF800CF4148 = {
			isa = PBXGroup;
			children = (
				FAD45FF42804DBF800CF4148 /* Reserve */,
				FAD45FF32804DBF800CF4148 /* Products */,
				1A96D4A1E4FA28151D93A5DC /* Pods */,
				F5596DB7676947C9E06FF9BE /* Frameworks */,
			);
			sourceTree = "<group>";
		};
		FAD45FF32804DBF800CF4148 /* Products */ = {
			isa = PBXGroup;
			children = (
				FAD45FF22804DBF800CF4148 /* Reserve.app */,
			);
			name = Products;
			sourceTree = "<group>";
		};
		FAD45FF42804DBF800CF4148 /* Reserve */ = {
			isa = PBXGroup;
			children = (
				FAD45FF52804DBF800CF4148 /* AppDelegate.swift */,
				FAD45FF72804DBF800CF4148 /* SceneDelegate.swift */,
				FAD45FF92804DBF800CF4148 /* ViewController.swift */,
				A6F9EE3828062D2000452C43 /* LoginViewController.swift */,
				FAD45FFB2804DBF800CF4148 /* Main.storyboard */,
				FAD45FFE2804DBFC00CF4148 /* Assets.xcassets */,
				FAD460002804DBFC00CF4148 /* LaunchScreen.storyboard */,
				FAD460032804DBFC00CF4148 /* Info.plist */,
			);
			path = Reserve;
			sourceTree = "<group>";
		};
/* End PBXGroup section */

/* Begin PBXNativeTarget section */
		FAD45FF12804DBF800CF4148 /* Reserve */ = {
			isa = PBXNativeTarget;
			buildConfigurationList = FAD460062804DBFC00CF4148 /* Build configuration list for PBXNativeTarget "Reserve" */;
			buildPhases = (
				EB77E47318AB526AE215B8A6 /* [CP] Check Pods Manifest.lock */,
				FAD45FEE2804DBF800CF4148 /* Sources */,
				FAD45FEF2804DBF800CF4148 /* Frameworks */,
				FAD45FF02804DBF800CF4148 /* Resources */,
				0204630F19A2B0F5332ABD71 /* [CP] Embed Pods Frameworks */,
			);
			buildRules = (
			);
			dependencies = (
			);
			name = Reserve;
			productName = Reserve;
			productReference = FAD45FF22804DBF800CF4148 /* Reserve.app */;
			productType = "com.apple.product-type.application";
		};
/* End PBXNativeTarget section */

/* Begin PBXProject section */
		FAD45FEA2804DBF800CF4148 /* Project object */ = {
			isa = PBXProject;
			attributes = {
				BuildIndependentTargetsInParallel = 1;
				LastSwiftUpdateCheck = 1320;
				LastUpgradeCheck = 1320;
				TargetAttributes = {
					FAD45FF12804DBF800CF4148 = {
						CreatedOnToolsVersion = 13.2.1;
					};
				};
			};
			buildConfigurationList = FAD45FED2804DBF800CF4148 /* Build configuration list for PBXProject "Reserve" */;
			compatibilityVersion = "Xcode 13.0";
			developmentRegion = en;
			hasScannedForEncodings = 0;
			knownRegions = (
				en,
				Base,
			);
			mainGroup = FAD45FE92804DBF800CF4148;
			productRefGroup = FAD45FF32804DBF800CF4148 /* Products */;
			projectDirPath = "";
			projectRoot = "";
			targets = (
				FAD45FF12804DBF800CF4148 /* Reserve */,
			);
		};
/* End PBXProject section */

/* Begin PBXResourcesBuildPhase section */
		FAD45FF02804DBF800CF4148 /* Resources */ = {
			isa = PBXResourcesBuildPhase;
			buildActionMask = 2147483647;
			files = (
				FAD460022804DBFC00CF4148 /* LaunchScreen.storyboard in Resources */,
				FAD45FFF2804DBFC00CF4148 /* Assets.xcassets in Resources */,
				FAD45FFD2804DBF800CF4148 /* Main.storyboard in Resources */,
			);
			runOnlyForDeploymentPostprocessing = 0;
		};
/* End PBXResourcesBuildPhase section */

/* Begin PBXShellScriptBuildPhase section */
		0204630F19A2B0F5332ABD71 /* [CP] Embed Pods Frameworks */ = {
			isa = PBXShellScriptBuildPhase;
			buildActionMask = 2147483647;
			files = (
			);
			inputFileListPaths = (
				"${PODS_ROOT}/Target Support Files/Pods-Reserve/Pods-Reserve-frameworks-${CONFIGURATION}-input-files.xcfilelist",
			);
			name = "[CP] Embed Pods Frameworks";
			outputFileListPaths = (
				"${PODS_ROOT}/Target Support Files/Pods-Reserve/Pods-Reserve-frameworks-${CONFIGURATION}-output-files.xcfilelist",
			);
			runOnlyForDeploymentPostprocessing = 0;
			shellPath = /bin/sh;
			shellScript = "\"${PODS_ROOT}/Target Support Files/Pods-Reserve/Pods-Reserve-frameworks.sh\"\n";
			showEnvVarsInLog = 0;
		};
		EB77E47318AB526AE215B8A6 /* [CP] Check Pods Manifest.lock */ = {
			isa = PBXShellScriptBuildPhase;
			buildActionMask = 2147483647;
			files = (
			);
			inputFileListPaths = (
			);
			inputPaths = (
				"${PODS_PODFILE_DIR_PATH}/Podfile.lock",
				"${PODS_ROOT}/Manifest.lock",
			);
			name = "[CP] Check Pods Manifest.lock";
			outputFileListPaths = (
			);
			outputPaths = (
				"$(DERIVED_FILE_DIR)/Pods-Reserve-checkManifestLockResult.txt",
			);
			runOnlyForDeploymentPostprocessing = 0;
			shellPath = /bin/sh;
			shellScript = "diff \"${PODS_PODFILE_DIR_PATH}/Podfile.lock\" \"${PODS_ROOT}/Manifest.lock\" > /dev/null\nif [ $? != 0 ] ; then\n    # print error to STDERR\n    echo \"error: The sandbox is not in sync with the Podfile.lock. Run 'pod install' or update your CocoaPods installation.\" >&2\n    exit 1\nfi\n# This output is used by Xcode 'outputs' to avoid re-running this script phase.\necho \"SUCCESS\" > \"${SCRIPT_OUTPUT_FILE_0}\"\n";
			showEnvVarsInLog = 0;
		};
/* End PBXShellScriptBuildPhase section */

/* Begin PBXSourcesBuildPhase section */
		FAD45FEE2804DBF800CF4148 /* Sources */ = {
			isa = PBXSourcesBuildPhase;
			buildActionMask = 2147483647;
			files = (
				A6F9EE3928062D2000452C43 /* LoginViewController.swift in Sources */,
				FAD45FFA2804DBF800CF4148 /* ViewController.swift in Sources */,
				FAD45FF62804DBF800CF4148 /* AppDelegate.swift in Sources */,
				FAD45FF82804DBF800CF4148 /* SceneDelegate.swift in Sources */,
			);
			runOnlyForDeploymentPostprocessing = 0;
		};
/* End PBXSourcesBuildPhase section */

/* Begin PBXVariantGroup section */
		FAD45FFB2804DBF800CF4148 /* Main.storyboard */ = {
			isa = PBXVariantGroup;
			children = (
				FAD45FFC2804DBF800CF4148 /* Base */,
			);
			name = Main.storyboard;
			sourceTree = "<group>";
		};
		FAD460002804DBFC00CF4148 /* LaunchScreen.storyboard */ = {
			isa = PBXVariantGroup;
			children = (
				FAD460012804DBFC00CF4148 /* Base */,
			);
			name = LaunchScreen.storyboard;
			sourceTree = "<group>";
		};
/* End PBXVariantGroup section */

/* Begin XCBuildConfiguration section */
		FAD460042804DBFC00CF4148 /* Debug */ = {
			isa = XCBuildConfiguration;
			buildSettings = {
				ALWAYS_SEARCH_USER_PATHS = NO;
				CLANG_ANALYZER_NONNULL = YES;
				CLANG_ANALYZER_NUMBER_OBJECT_CONVERSION = YES_AGGRESSIVE;
				CLANG_CXX_LANGUAGE_STANDARD = "gnu++17";
				CLANG_CXX_LIBRARY = "libc++";
				CLANG_ENABLE_MODULES = YES;
				CLANG_ENABLE_OBJC_ARC = YES;
				CLANG_ENABLE_OBJC_WEAK = YES;
				CLANG_WARN_BLOCK_CAPTURE_AUTORELEASING = YES;
				CLANG_WARN_BOOL_CONVERSION = YES;
				CLANG_WARN_COMMA = YES;
				CLANG_WARN_CONSTANT_CONVERSION = YES;
				CLANG_WARN_DEPRECATED_OBJC_IMPLEMENTATIONS = YES;
				CLANG_WARN_DIRECT_OBJC_ISA_USAGE = YES_ERROR;
				CLANG_WARN_DOCUMENTATION_COMMENTS = YES;
				CLANG_WARN_EMPTY_BODY = YES;
				CLANG_WARN_ENUM_CONVERSION = YES;
				CLANG_WARN_INFINITE_RECURSION = YES;
				CLANG_WARN_INT_CONVERSION = YES;
				CLANG_WARN_NON_LITERAL_NULL_CONVERSION = YES;
				CLANG_WARN_OBJC_IMPLICIT_RETAIN_SELF = YES;
				CLANG_WARN_OBJC_LITERAL_CONVERSION = YES;
				CLANG_WARN_OBJC_ROOT_CLASS = YES_ERROR;
				CLANG_WARN_QUOTED_INCLUDE_IN_FRAMEWORK_HEADER = YES;
				CLANG_WARN_RANGE_LOOP_ANALYSIS = YES;
				CLANG_WARN_STRICT_PROTOTYPES = YES;
				CLANG_WARN_SUSPICIOUS_MOVE = YES;
				CLANG_WARN_UNGUARDED_AVAILABILITY = YES_AGGRESSIVE;
				CLANG_WARN_UNREACHABLE_CODE = YES;
				CLANG_WARN__DUPLICATE_METHOD_MATCH = YES;
				COPY_PHASE_STRIP = NO;
				DEBUG_INFORMATION_FORMAT = dwarf;
				ENABLE_STRICT_OBJC_MSGSEND = YES;
				ENABLE_TESTABILITY = YES;
				GCC_C_LANGUAGE_STANDARD = gnu11;
				GCC_DYNAMIC_NO_PIC = NO;
				GCC_NO_COMMON_BLOCKS = YES;
				GCC_OPTIMIZATION_LEVEL = 0;
				GCC_PREPROCESSOR_DEFINITIONS = (
					"DEBUG=1",
					"$(inherited)",
				);
				GCC_WARN_64_TO_32_BIT_CONVERSION = YES;
				GCC_WARN_ABOUT_RETURN_TYPE = YES_ERROR;
				GCC_WARN_UNDECLARED_SELECTOR = YES;
				GCC_WARN_UNINITIALIZED_AUTOS = YES_AGGRESSIVE;
				GCC_WARN_UNUSED_FUNCTION = YES;
				GCC_WARN_UNUSED_VARIABLE = YES;
				IPHONEOS_DEPLOYMENT_TARGET = 15.2;
				MTL_ENABLE_DEBUG_INFO = INCLUDE_SOURCE;
				MTL_FAST_MATH = YES;
				ONLY_ACTIVE_ARCH = YES;
				SDKROOT = iphoneos;
				SWIFT_ACTIVE_COMPILATION_CONDITIONS = DEBUG;
				SWIFT_OPTIMIZATION_LEVEL = "-Onone";
			};
			name = Debug;
		};
		FAD460052804DBFC00CF4148 /* Release */ = {
			isa = XCBuildConfiguration;
			buildSettings = {
				ALWAYS_SEARCH_USER_PATHS = NO;
				CLANG_ANALYZER_NONNULL = YES;
				CLANG_ANALYZER_NUMBER_OBJECT_CONVERSION = YES_AGGRESSIVE;
				CLANG_CXX_LANGUAGE_STANDARD = "gnu++17";
				CLANG_CXX_LIBRARY = "libc++";
				CLANG_ENABLE_MODULES = YES;
				CLANG_ENABLE_OBJC_ARC = YES;
				CLANG_ENABLE_OBJC_WEAK = YES;
				CLANG_WARN_BLOCK_CAPTURE_AUTORELEASING = YES;
				CLANG_WARN_BOOL_CONVERSION = YES;
				CLANG_WARN_COMMA = YES;
				CLANG_WARN_CONSTANT_CONVERSION = YES;
				CLANG_WARN_DEPRECATED_OBJC_IMPLEMENTATIONS = YES;
				CLANG_WARN_DIRECT_OBJC_ISA_USAGE = YES_ERROR;
				CLANG_WARN_DOCUMENTATION_COMMENTS = YES;
				CLANG_WARN_EMPTY_BODY = YES;
				CLANG_WARN_ENUM_CONVERSION = YES;
				CLANG_WARN_INFINITE_RECURSION = YES;
				CLANG_WARN_INT_CONVERSION = YES;
				CLANG_WARN_NON_LITERAL_NULL_CONVERSION = YES;
				CLANG_WARN_OBJC_IMPLICIT_RETAIN_SELF = YES;
				CLANG_WARN_OBJC_LITERAL_CONVERSION = YES;
				CLANG_WARN_OBJC_ROOT_CLASS = YES_ERROR;
				CLANG_WARN_QUOTED_INCLUDE_IN_FRAMEWORK_HEADER = YES;
				CLANG_WARN_RANGE_LOOP_ANALYSIS = YES;
				CLANG_WARN_STRICT_PROTOTYPES = YES;
				CLANG_WARN_SUSPICIOUS_MOVE = YES;
				CLANG_WARN_UNGUARDED_AVAILABILITY = YES_AGGRESSIVE;
				CLANG_WARN_UNREACHABLE_CODE = YES;
				CLANG_WARN__DUPLICATE_METHOD_MATCH = YES;
				COPY_PHASE_STRIP = NO;
				DEBUG_INFORMATION_FORMAT = "dwarf-with-dsym";
				ENABLE_NS_ASSERTIONS = NO;
				ENABLE_STRICT_OBJC_MSGSEND = YES;
				GCC_C_LANGUAGE_STANDARD = gnu11;
				GCC_NO_COMMON_BLOCKS = YES;
				GCC_WARN_64_TO_32_BIT_CONVERSION = YES;
				GCC_WARN_ABOUT_RETURN_TYPE = YES_ERROR;
				GCC_WARN_UNDECLARED_SELECTOR = YES;
				GCC_WARN_UNINITIALIZED_AUTOS = YES_AGGRESSIVE;
				GCC_WARN_UNUSED_FUNCTION = YES;
				GCC_WARN_UNUSED_VARIABLE = YES;
				IPHONEOS_DEPLOYMENT_TARGET = 15.2;
				MTL_ENABLE_DEBUG_INFO = NO;
				MTL_FAST_MATH = YES;
				SDKROOT = iphoneos;
				SWIFT_COMPILATION_MODE = wholemodule;
				SWIFT_OPTIMIZATION_LEVEL = "-O";
				VALIDATE_PRODUCT = YES;
			};
			name = Release;
		};
		FAD460072804DBFC00CF4148 /* Debug */ = {
			isa = XCBuildConfiguration;
			baseConfigurationReference = 999512F43A8D9519214699A5 /* Pods-Reserve.debug.xcconfig */;
			buildSettings = {
				ASSETCATALOG_COMPILER_APPICON_NAME = AppIcon;
				ASSETCATALOG_COMPILER_GLOBAL_ACCENT_COLOR_NAME = AccentColor;
				CODE_SIGN_STYLE = Automatic;
				CURRENT_PROJECT_VERSION = 1;
				DEVELOPMENT_TEAM = KGNJ36ZWRK;
				GENERATE_INFOPLIST_FILE = YES;
				INFOPLIST_FILE = Reserve/Info.plist;
				INFOPLIST_KEY_UIApplicationSupportsIndirectInputEvents = YES;
				INFOPLIST_KEY_UILaunchStoryboardName = LaunchScreen;
				INFOPLIST_KEY_UIMainStoryboardFile = Main;
				INFOPLIST_KEY_UISupportedInterfaceOrientations_iPad = "UIInterfaceOrientationPortrait UIInterfaceOrientationPortraitUpsideDown UIInterfaceOrientationLandscapeLeft UIInterfaceOrientationLandscapeRight";
				INFOPLIST_KEY_UISupportedInterfaceOrientations_iPhone = "UIInterfaceOrientationPortrait UIInterfaceOrientationLandscapeLeft UIInterfaceOrientationLandscapeRight";
				LD_RUNPATH_SEARCH_PATHS = (
					"$(inherited)",
					"@executable_path/Frameworks",
				);
				MARKETING_VERSION = 1.0;
				PRODUCT_BUNDLE_IDENTIFIER = com.alexesp.Reserve;
				PRODUCT_NAME = "$(TARGET_NAME)";
				SWIFT_EMIT_LOC_STRINGS = YES;
				SWIFT_VERSION = 5.0;
				TARGETED_DEVICE_FAMILY = "1,2";
			};
			name = Debug;
		};
		FAD460082804DBFC00CF4148 /* Release */ = {
			isa = XCBuildConfiguration;
			baseConfigurationReference = 4C338530B564E141611CD09D /* Pods-Reserve.release.xcconfig */;
			buildSettings = {
				ASSETCATALOG_COMPILER_APPICON_NAME = AppIcon;
				ASSETCATALOG_COMPILER_GLOBAL_ACCENT_COLOR_NAME = AccentColor;
				CODE_SIGN_STYLE = Automatic;
				CURRENT_PROJECT_VERSION = 1;
				DEVELOPMENT_TEAM = KGNJ36ZWRK;
				GENERATE_INFOPLIST_FILE = YES;
				INFOPLIST_FILE = Reserve/Info.plist;
				INFOPLIST_KEY_UIApplicationSupportsIndirectInputEvents = YES;
				INFOPLIST_KEY_UILaunchStoryboardName = LaunchScreen;
				INFOPLIST_KEY_UIMainStoryboardFile = Main;
				INFOPLIST_KEY_UISupportedInterfaceOrientations_iPad = "UIInterfaceOrientationPortrait UIInterfaceOrientationPortraitUpsideDown UIInterfaceOrientationLandscapeLeft UIInterfaceOrientationLandscapeRight";
				INFOPLIST_KEY_UISupportedInterfaceOrientations_iPhone = "UIInterfaceOrientationPortrait UIInterfaceOrientationLandscapeLeft UIInterfaceOrientationLandscapeRight";
				LD_RUNPATH_SEARCH_PATHS = (
					"$(inherited)",
					"@executable_path/Frameworks",
				);
				MARKETING_VERSION = 1.0;
				PRODUCT_BUNDLE_IDENTIFIER = com.alexesp.Reserve;
				PRODUCT_NAME = "$(TARGET_NAME)";
				SWIFT_EMIT_LOC_STRINGS = YES;
				SWIFT_VERSION = 5.0;
				TARGETED_DEVICE_FAMILY = "1,2";
			};
			name = Release;
		};
/* End XCBuildConfiguration section */

/* Begin XCConfigurationList section */
		FAD45FED2804DBF800CF4148 /* Build configuration list for PBXProject "Reserve" */ = {
			isa = XCConfigurationList;
			buildConfigurations = (
				FAD460042804DBFC00CF4148 /* Debug */,
				FAD460052804DBFC00CF4148 /* Release */,
			);
			defaultConfigurationIsVisible = 0;
			defaultConfigurationName = Release;
		};
		FAD460062804DBFC00CF4148 /* Build configuration list for PBXNativeTarget "Reserve" */ = {
			isa = XCConfigurationList;
			buildConfigurations = (
				FAD460072804DBFC00CF4148 /* Debug */,
				FAD460082804DBFC00CF4148 /* Release */,
			);
			defaultConfigurationIsVisible = 0;
			defaultConfigurationName = Release;
		};
/* End XCConfigurationList section */
	};
	rootObject = FAD45FEA2804DBF800CF4148 /* Project object */;
}
